<?xml version="1.0" encoding="utf-8"?>
<Project ToolsVersion="4.0" xmlns="http://schemas.microsoft.com/developer/msbuild/2003">
  <ItemGroup>
    <Filter Include="源文件">
      <UniqueIdentifier>{4FC737F1-C7A5-4376-A066-2A32D752A2FF}</UniqueIdentifier>
      <Extensions>cpp;c;cc;cxx;def;odl;idl;hpj;bat;asm;asmx</Extensions>
    </Filter>
    <Filter Include="头文件">
      <UniqueIdentifier>{93995380-89BD-4b04-88EB-625FBE52EBFB}</UniqueIdentifier>
      <Extensions>h;hh;hpp;hxx;hm;inl;inc;xsd</Extensions>
    </Filter>
    <Filter Include="资源文件">
      <UniqueIdentifier>{67DA6AB6-F800-4c08-8B7A-83BB121AAD01}</UniqueIdentifier>
      <Extensions>rc;ico;cur;bmp;dlg;rc2;rct;bin;rgs;gif;jpg;jpeg;jpe;resx;tiff;tif;png;wav;mfcribbon-ms</Extensions>
    </Filter>
    <Filter Include="Problem">
      <UniqueIdentifier>{c76f7359-d287-4b49-9455-4a227366ff45}</UniqueIdentifier>
    </Filter>
    <Filter Include="Data Structures">
      <UniqueIdentifier>{3782778c-8fe2-4c77-a706-eb8e6b8e6248}</UniqueIdentifier>
    </Filter>
    <Filter Include="Problem\1-50">
      <UniqueIdentifier>{cf26b702-54b8-431b-ac90-7bde4d91fce2}</UniqueIdentifier>
    </Filter>
    <Filter Include="Problem\51-100">
      <UniqueIdentifier>{7b379f68-58e2-43eb-913f-6184beb38502}</UniqueIdentifier>
    </Filter>
    <Filter Include="Problem\101-150">
      <UniqueIdentifier>{96e4cea8-656f-43e6-83e0-1adc34de3fe1}</UniqueIdentifier>
    </Filter>
  </ItemGroup>
  <ItemGroup>
    <Text Include="ReadMe.txt" />
  </ItemGroup>
  <ItemGroup>
    <ClInclude Include="stdafx.h">
      <Filter>头文件</Filter>
    </ClInclude>
    <ClInclude Include="targetver.h">
      <Filter>头文件</Filter>
    </ClInclude>
    <ClInclude Include="Data Structures\Binary Tree.h">
      <Filter>Data Structures</Filter>
    </ClInclude>
    <ClInclude Include="Data Structures\BlackRed Tree.h">
      <Filter>Data Structures</Filter>
    </ClInclude>
    <ClInclude Include="Data Structures\ITree.h">
      <Filter>Data Structures</Filter>
    </ClInclude>
    <ClInclude Include="Data Structures\luoxuan.h">
      <Filter>Data Structures</Filter>
    </ClInclude>
    <ClInclude Include="Problems\101-150\101. Symmetric Tree.h">
      <Filter>Problem\101-150</Filter>
    </ClInclude>
    <ClInclude Include="Problems\101-150\102. Binary Tree Level Order Traversal.h">
      <Filter>Problem\101-150</Filter>
    </ClInclude>
    <ClInclude Include="Problems\101-150\103. Binary Tree Zigzag Level Order Traversal.h">
      <Filter>Problem\101-150</Filter>
    </ClInclude>
    <ClInclude Include="Problems\101-150\104. Maximum Depth of Binary Tree.h">
      <Filter>Problem\101-150</Filter>
    </ClInclude>
    <ClInclude Include="Problems\101-150\105. Construct Binary Tree from Preorder and Inorder Traversal.h">
      <Filter>Problem\101-150</Filter>
    </ClInclude>
    <ClInclude Include="Problems\101-150\106. Construct Binary Tree from Inorder and Postorder Traversal.h">
      <Filter>Problem\101-150</Filter>
    </ClInclude>
    <ClInclude Include="Problems\101-150\107. Binary Tree Level Order Traversal II.h">
      <Filter>Problem\101-150</Filter>
    </ClInclude>
    <ClInclude Include="Problems\101-150\108. Convert Sorted Array to Binary Search Tree.h">
      <Filter>Problem\101-150</Filter>
    </ClInclude>
    <ClInclude Include="Problems\001-050\3. Longest Substring Without Repeating Characters.h">
      <Filter>Problem\1-50</Filter>
    </ClInclude>
    <ClInclude Include="Problems\001-050\4. Median of Two Sorted Arrays.h">
      <Filter>Problem\1-50</Filter>
    </ClInclude>
    <ClInclude Include="Problems\001-050\5. Longest Palindromic Substring.h">
      <Filter>Problem\1-50</Filter>
    </ClInclude>
    <ClInclude Include="Problems\001-050\6. ZigZag Conversion.h">
      <Filter>Problem\1-50</Filter>
    </ClInclude>
    <ClInclude Include="Problems\001-050\7. Reverse Integer.h">
      <Filter>Problem\1-50</Filter>
    </ClInclude>
    <ClInclude Include="Problems\001-050\8. String to Integer (atoi).h">
      <Filter>Problem\1-50</Filter>
    </ClInclude>
    <ClInclude Include="Problems\001-050\9. Palindrome Number.h">
      <Filter>Problem\1-50</Filter>
    </ClInclude>
    <ClInclude Include="Problems\001-050\10. Regular Expression Matching.h">
      <Filter>Problem\1-50</Filter>
    </ClInclude>
    <ClInclude Include="Problems\001-050\11. Container With Most Water.h">
      <Filter>Problem\1-50</Filter>
    </ClInclude>
    <ClInclude Include="Problems\001-050\12. Integer to Roman.h">
      <Filter>Problem\1-50</Filter>
    </ClInclude>
    <ClInclude Include="Problems\001-050\13. Roman to Integer.h">
      <Filter>Problem\1-50</Filter>
    </ClInclude>
    <ClInclude Include="Problems\001-050\14. Longest Common Prefix.h">
      <Filter>Problem\1-50</Filter>
    </ClInclude>
    <ClInclude Include="Problems\001-050\15. 3Sum.h">
      <Filter>Problem\1-50</Filter>
    </ClInclude>
    <ClInclude Include="Problems\001-050\16. 3Sum Closest.h">
      <Filter>Problem\1-50</Filter>
    </ClInclude>
    <ClInclude Include="Problems\001-050\17. Letter Combinations of a Phone Number.h">
      <Filter>Problem\1-50</Filter>
    </ClInclude>
    <ClInclude Include="Problems\001-050\18. 4Sum.h">
      <Filter>Problem\1-50</Filter>
    </ClInclude>
    <ClInclude Include="Problems\001-050\19. Remove Nth Node From End of List.h">
      <Filter>Problem\1-50</Filter>
    </ClInclude>
    <ClInclude Include="Problems\001-050\20. Valid Parentheses.h">
      <Filter>Problem\1-50</Filter>
    </ClInclude>
    <ClInclude Include="Problems\001-050\21. Merge Two Sorted Lists.h">
      <Filter>Problem\1-50</Filter>
    </ClInclude>
    <ClInclude Include="Problems\001-050\22. Generate Parentheses.h">
      <Filter>Problem\1-50</Filter>
    </ClInclude>
    <ClInclude Include="Problems\001-050\23. Merge k Sorted Lists.h">
      <Filter>Problem\1-50</Filter>
    </ClInclude>
    <ClInclude Include="Problems\001-050\24. Swap Nodes in Pairs.h">
      <Filter>Problem\1-50</Filter>
    </ClInclude>
    <ClInclude Include="Problems\001-050\25. Reverse Nodes in k-Group.h">
      <Filter>Problem\1-50</Filter>
    </ClInclude>
    <ClInclude Include="Problems\001-050\26. Remove Duplicates from Sorted Array.h">
      <Filter>Problem\1-50</Filter>
    </ClInclude>
    <ClInclude Include="Problems\001-050\27. Remove Element.h">
      <Filter>Problem\1-50</Filter>
    </ClInclude>
    <ClInclude Include="Problems\001-050\28. Implement strStr.h">
      <Filter>Problem\1-50</Filter>
    </ClInclude>
    <ClInclude Include="Problems\001-050\29. Divide Two Integers.h">
      <Filter>Problem\1-50</Filter>
    </ClInclude>
    <ClInclude Include="Problems\001-050\30. Substring with Concatenation of All Words.h">
      <Filter>Problem\1-50</Filter>
    </ClInclude>
    <ClInclude Include="Problems\001-050\31. Next Permutation.h">
      <Filter>Problem\1-50</Filter>
    </ClInclude>
    <ClInclude Include="Problems\001-050\32. Longest Valid Parentheses.h">
      <Filter>Problem\1-50</Filter>
    </ClInclude>
    <ClInclude Include="Problems\001-050\33. Search in Rotated Sorted Array.h">
      <Filter>Problem\1-50</Filter>
    </ClInclude>
    <ClInclude Include="Problems\001-050\34. Search for a Range.h">
      <Filter>Problem\1-50</Filter>
    </ClInclude>
    <ClInclude Include="Problems\001-050\35. Search Insert Position.h">
      <Filter>Problem\1-50</Filter>
    </ClInclude>
    <ClInclude Include="Problems\001-050\36. Valid Sudoku.h">
      <Filter>Problem\1-50</Filter>
    </ClInclude>
    <ClInclude Include="Problems\001-050\37. Sudoku Solver.h">
      <Filter>Problem\1-50</Filter>
    </ClInclude>
    <ClInclude Include="Problems\001-050\38. Count and Say.h">
      <Filter>Problem\1-50</Filter>
    </ClInclude>
    <ClInclude Include="Problems\001-050\39. Combination Sum.h">
      <Filter>Problem\1-50</Filter>
    </ClInclude>
    <ClInclude Include="Problems\001-050\40. Combination Sum II.h">
      <Filter>Problem\1-50</Filter>
    </ClInclude>
    <ClInclude Include="Problems\001-050\41. First Missing Positive.h">
      <Filter>Problem\1-50</Filter>
    </ClInclude>
    <ClInclude Include="Problems\001-050\42. Trapping Rain Water.h">
      <Filter>Problem\1-50</Filter>
    </ClInclude>
    <ClInclude Include="Problems\001-050\43. Multiply Strings.h">
      <Filter>Problem\1-50</Filter>
    </ClInclude>
    <ClInclude Include="Problems\001-050\44. Wildcard Matching.h">
      <Filter>Problem\1-50</Filter>
    </ClInclude>
    <ClInclude Include="Problems\001-050\45. Jump Game II.h">
      <Filter>Problem\1-50</Filter>
    </ClInclude>
    <ClInclude Include="Problems\001-050\46. Permutations.h">
      <Filter>Problem\1-50</Filter>
    </ClInclude>
    <ClInclude Include="Problems\001-050\47. Permutations II.h">
      <Filter>Problem\1-50</Filter>
    </ClInclude>
    <ClInclude Include="Problems\001-050\48. Rotate Image.h">
      <Filter>Problem\1-50</Filter>
    </ClInclude>
    <ClInclude Include="Problems\001-050\49. Group Anagrams.h">
      <Filter>Problem\1-50</Filter>
    </ClInclude>
    <ClInclude Include="Problems\001-050\50. Pow(x, n).h">
      <Filter>Problem\1-50</Filter>
    </ClInclude>
    <ClInclude Include="Problems\001-050\1. Two Sum.h">
      <Filter>Problem\1-50</Filter>
    </ClInclude>
    <ClInclude Include="Problems\001-050\2. Add Two Numbers.h">
      <Filter>Problem\1-50</Filter>
    </ClInclude>
    <ClInclude Include="Problems\051-100\53. Maximum Subarray.h">
      <Filter>Problem\51-100</Filter>
    </ClInclude>
    <ClInclude Include="Problems\051-100\54. Spiral Matrix.h">
      <Filter>Problem\51-100</Filter>
    </ClInclude>
    <ClInclude Include="Problems\051-100\55. Jump Game.h">
      <Filter>Problem\51-100</Filter>
    </ClInclude>
    <ClInclude Include="Problems\051-100\56. Merge Intervals.h">
      <Filter>Problem\51-100</Filter>
    </ClInclude>
    <ClInclude Include="Problems\051-100\57. Insert Interval.h">
      <Filter>Problem\51-100</Filter>
    </ClInclude>
    <ClInclude Include="Problems\051-100\58. Length of Last Word.h">
      <Filter>Problem\51-100</Filter>
    </ClInclude>
    <ClInclude Include="Problems\051-100\59. Spiral Matrix II.h">
      <Filter>Problem\51-100</Filter>
    </ClInclude>
    <ClInclude Include="Problems\051-100\60. Permutation Sequence.h">
      <Filter>Problem\51-100</Filter>
    </ClInclude>
    <ClInclude Include="Problems\051-100\61. Rotate List.h">
      <Filter>Problem\51-100</Filter>
    </ClInclude>
    <ClInclude Include="Problems\051-100\62. Unique Paths.h">
      <Filter>Problem\51-100</Filter>
    </ClInclude>
    <ClInclude Include="Problems\051-100\63. Unique Paths II.h">
      <Filter>Problem\51-100</Filter>
    </ClInclude>
    <ClInclude Include="Problems\051-100\64. Minimum Path Sum.h">
      <Filter>Problem\51-100</Filter>
    </ClInclude>
    <ClInclude Include="Problems\051-100\65. Valid Number.h">
      <Filter>Problem\51-100</Filter>
    </ClInclude>
    <ClInclude Include="Problems\051-100\66. Plus One.h">
      <Filter>Problem\51-100</Filter>
    </ClInclude>
    <ClInclude Include="Problems\051-100\67. Add Binary.h">
      <Filter>Problem\51-100</Filter>
    </ClInclude>
    <ClInclude Include="Problems\051-100\68. Text Justification.h">
      <Filter>Problem\51-100</Filter>
    </ClInclude>
    <ClInclude Include="Problems\051-100\69. Sqrt(x).h">
      <Filter>Problem\51-100</Filter>
    </ClInclude>
    <ClInclude Include="Problems\051-100\70. Climbing Stairs.h">
      <Filter>Problem\51-100</Filter>
    </ClInclude>
    <ClInclude Include="Problems\051-100\71. Simplify Path.h">
      <Filter>Problem\51-100</Filter>
    </ClInclude>
    <ClInclude Include="Problems\051-100\72. Edit Distance.h">
      <Filter>Problem\51-100</Filter>
    </ClInclude>
    <ClInclude Include="Problems\051-100\73. Set Matrix Zeroes.h">
      <Filter>Problem\51-100</Filter>
    </ClInclude>
    <ClInclude Include="Problems\051-100\74. Search a 2D Matrix.h">
      <Filter>Problem\51-100</Filter>
    </ClInclude>
    <ClInclude Include="Problems\051-100\75. Sort Colors.h">
      <Filter>Problem\51-100</Filter>
    </ClInclude>
    <ClInclude Include="Problems\051-100\76. Minimum Window Substring.h">
      <Filter>Problem\51-100</Filter>
    </ClInclude>
    <ClInclude Include="Problems\051-100\77. Combinations.h">
      <Filter>Problem\51-100</Filter>
    </ClInclude>
    <ClInclude Include="Problems\051-100\78. Subsets.h">
      <Filter>Problem\51-100</Filter>
    </ClInclude>
    <ClInclude Include="Problems\051-100\79. Word Search.h">
      <Filter>Problem\51-100</Filter>
    </ClInclude>
    <ClInclude Include="Problems\051-100\80. Remove Duplicates from Sorted Array II.h">
      <Filter>Problem\51-100</Filter>
    </ClInclude>
    <ClInclude Include="Problems\051-100\81. Search in Rotated Sorted Array II.h">
      <Filter>Problem\51-100</Filter>
    </ClInclude>
    <ClInclude Include="Problems\051-100\82. Remove Duplicates from Sorted List II.h">
      <Filter>Problem\51-100</Filter>
    </ClInclude>
    <ClInclude Include="Problems\051-100\83. Remove Duplicates from Sorted List.h">
      <Filter>Problem\51-100</Filter>
    </ClInclude>
    <ClInclude Include="Problems\051-100\84. Largest Rectangle in Histogram.h">
      <Filter>Problem\51-100</Filter>
    </ClInclude>
    <ClInclude Include="Problems\051-100\85. Maximal Rectangle.h">
      <Filter>Problem\51-100</Filter>
    </ClInclude>
    <ClInclude Include="Problems\051-100\86. Partition List.h">
      <Filter>Problem\51-100</Filter>
    </ClInclude>
    <ClInclude Include="Problems\051-100\87. Scramble String.h">
      <Filter>Problem\51-100</Filter>
    </ClInclude>
    <ClInclude Include="Problems\051-100\88. Merge Sorted Array.h">
      <Filter>Problem\51-100</Filter>
    </ClInclude>
    <ClInclude Include="Problems\051-100\89. Gray Code.h">
      <Filter>Problem\51-100</Filter>
    </ClInclude>
    <ClInclude Include="Problems\051-100\90. Subsets II.h">
      <Filter>Problem\51-100</Filter>
    </ClInclude>
    <ClInclude Include="Problems\051-100\91. Decode Ways.h">
      <Filter>Problem\51-100</Filter>
    </ClInclude>
    <ClInclude Include="Problems\051-100\92. Reverse Linked List II.h">
      <Filter>Problem\51-100</Filter>
    </ClInclude>
    <ClInclude Include="Problems\051-100\93. Restore IP Addresses.h">
      <Filter>Problem\51-100</Filter>
    </ClInclude>
    <ClInclude Include="Problems\051-100\94. Binary Tree Inorder Traversal.h">
      <Filter>Problem\51-100</Filter>
    </ClInclude>
    <ClInclude Include="Problems\051-100\95. Unique Binary Search Trees II.h">
      <Filter>Problem\51-100</Filter>
    </ClInclude>
    <ClInclude Include="Problems\051-100\96. Unique Binary Search Trees.h">
      <Filter>Problem\51-100</Filter>
    </ClInclude>
    <ClInclude Include="Problems\051-100\97. Interleaving String.h">
      <Filter>Problem\51-100</Filter>
    </ClInclude>
    <ClInclude Include="Problems\051-100\98. Validate Binary Search Tree.h">
      <Filter>Problem\51-100</Filter>
    </ClInclude>
    <ClInclude Include="Problems\051-100\99. Recover Binary Search Tree.h">
      <Filter>Problem\51-100</Filter>
    </ClInclude>
    <ClInclude Include="Problems\051-100\100. Same Tree.h">
      <Filter>Problem\51-100</Filter>
    </ClInclude>
    <ClInclude Include="Problems\051-100\51. N-Queens.h">
      <Filter>Problem\51-100</Filter>
    </ClInclude>
    <ClInclude Include="Problems\051-100\52. N-Queens II.h">
      <Filter>Problem\51-100</Filter>
    </ClInclude>
    <ClInclude Include="Problems\101-150\109. Convert Sorted List to Binary Search Tree.h">
      <Filter>Problem\101-150</Filter>
    </ClInclude>
    <ClInclude Include="Problems\101-150\110. Balanced Binary Tree.h">
      <Filter>Problem\101-150</Filter>
    </ClInclude>
    <ClInclude Include="Problems\101-150\111. Minimum Depth of Binary Tree.h">
      <Filter>Problem\101-150</Filter>
    </ClInclude>
    <ClInclude Include="Problems\101-150\112. Path Sum.h">
      <Filter>Problem\101-150</Filter>
    </ClInclude>
    <ClInclude Include="Problems\101-150\113. Path Sum II.h">
      <Filter>Problem\101-150</Filter>
    </ClInclude>
    <ClInclude Include="Problems\101-150\114. Flatten Binary Tree to Linked List.h">
      <Filter>Problem\101-150</Filter>
    </ClInclude>
    <ClInclude Include="Problems\101-150\115. Distinct Subsequences.h">
      <Filter>Problem\101-150</Filter>
    </ClInclude>
    <ClInclude Include="Problems\101-150\116. Populating Next Right Pointers in Each Node.h">
      <Filter>Problem\101-150</Filter>
    </ClInclude>
    <ClInclude Include="Problems\101-150\117. Populating Next Right Pointers in Each Node II.h">
      <Filter>Problem\101-150</Filter>
    </ClInclude>
    <ClInclude Include="Problems\101-150\118. Pascal%27s Triangle.h">
      <Filter>Problem\101-150</Filter>
    </ClInclude>
    <ClInclude Include="Problems\101-150\119. Pascal%27s Triangle II.h">
      <Filter>Problem\101-150</Filter>
    </ClInclude>
    <ClInclude Include="Problems\101-150\120. Triangle.h">
      <Filter>Problem\101-150</Filter>
    </ClInclude>
    <ClInclude Include="Problems\101-150\121. Best Time to Buy and Sell Stock.h">
      <Filter>Problem\101-150</Filter>
    </ClInclude>
    <ClInclude Include="Problems\101-150\122. Best Time to Buy and Sell Stock II.h">
      <Filter>Problem\101-150</Filter>
    </ClInclude>
    <ClInclude Include="Problems\101-150\123. Best Time to Buy and Sell Stock III.h">
      <Filter>Problem\101-150</Filter>
    </ClInclude>
    <ClInclude Include="Problems\101-150\124. Binary Tree Maximum Path Sum.h">
      <Filter>Problem\101-150</Filter>
    </ClInclude>
    <ClInclude Include="Problems\101-150\125. Valid Palindrome.h">
      <Filter>Problem\101-150</Filter>
    </ClInclude>
    <ClInclude Include="Problems\101-150\126. Word Ladder II.h">
      <Filter>Problem\101-150</Filter>
    </ClInclude>
    <ClInclude Include="Problems\101-150\127. Word Ladder.h">
      <Filter>Problem\101-150</Filter>
    </ClInclude>
    <ClInclude Include="Problems\101-150\128. Longest Consecutive Sequence.h">
      <Filter>Problem\101-150</Filter>
    </ClInclude>
    <ClInclude Include="Problems\101-150\129. Sum Root to Leaf Numbers.h">
      <Filter>Problem\101-150</Filter>
    </ClInclude>
    <ClInclude Include="Problems\101-150\130. Surrounded Regions.h">
      <Filter>Problem\101-150</Filter>
    </ClInclude>
    <ClInclude Include="Problems\101-150\131. Palindrome Partitioning.h">
      <Filter>Problem\101-150</Filter>
    </ClInclude>
    <ClInclude Include="Problems\101-150\132. Palindrome Partitioning II.h">
      <Filter>Problem\101-150</Filter>
    </ClInclude>
    <ClInclude Include="Problems\101-150\133. Clone Graph.h">
      <Filter>Problem\101-150</Filter>
    </ClInclude>
    <ClInclude Include="Problems\101-150\134. Gas Station.h">
      <Filter>Problem\101-150</Filter>
    </ClInclude>
    <ClInclude Include="Problems\101-150\135. Candy.h">
      <Filter>Problem\101-150</Filter>
    </ClInclude>
    <ClInclude Include="Problems\101-150\136. Single Number.h">
      <Filter>Problem\101-150</Filter>
    </ClInclude>
    <ClInclude Include="Problems\101-150\137. Single Number II.h">
      <Filter>Problem\101-150</Filter>
    </ClInclude>
    <ClInclude Include="Problems\101-150\138. Copy List with Random Pointer.h">
      <Filter>Problem\101-150</Filter>
    </ClInclude>
    <ClInclude Include="Problems\101-150\139. Word Break.h">
      <Filter>Problem\101-150</Filter>
    </ClInclude>
    <ClInclude Include="Problems\101-150\140. Word Break II.h">
      <Filter>Problem\101-150</Filter>
    </ClInclude>
    <ClInclude Include="Problems\101-150\141. Linked List Cycle.h">
      <Filter>Problem\101-150</Filter>
    </ClInclude>
  </ItemGroup>
  <ItemGroup>
    <ClCompile Include="stdafx.cpp">
      <Filter>源文件</Filter>
    </ClCompile>
    <ClCompile Include="LeetCode.cpp">
      <Filter>源文件</Filter>
    </ClCompile>
    <ClCompile Include="Data Structures\ITree.cpp">
      <Filter>Data Structures</Filter>
    </ClCompile>
  </ItemGroup>
</Project>