<?xml version="1.0" encoding="utf-8"?>
<Project ToolsVersion="4.0" xmlns="http://schemas.microsoft.com/developer/msbuild/2003">
  <ItemGroup>
    <Filter Include="源文件">
      <UniqueIdentifier>{4FC737F1-C7A5-4376-A066-2A32D752A2FF}</UniqueIdentifier>
      <Extensions>cpp;c;cc;cxx;def;odl;idl;hpj;bat;asm;asmx</Extensions>
    </Filter>
    <Filter Include="头文件">
      <UniqueIdentifier>{93995380-89BD-4b04-88EB-625FBE52EBFB}</UniqueIdentifier>
      <Extensions>h;hh;hpp;hxx;hm;inl;inc;xsd</Extensions>
    </Filter>
    <Filter Include="资源文件">
      <UniqueIdentifier>{67DA6AB6-F800-4c08-8B7A-83BB121AAD01}</UniqueIdentifier>
      <Extensions>rc;ico;cur;bmp;dlg;rc2;rct;bin;rgs;gif;jpg;jpeg;jpe;resx;tiff;tif;png;wav;mfcribbon-ms</Extensions>
    </Filter>
    <Filter Include="Problem">
      <UniqueIdentifier>{c76f7359-d287-4b49-9455-4a227366ff45}</UniqueIdentifier>
    </Filter>
    <Filter Include="Data Structures">
      <UniqueIdentifier>{3782778c-8fe2-4c77-a706-eb8e6b8e6248}</UniqueIdentifier>
    </Filter>
  </ItemGroup>
  <ItemGroup>
    <Text Include="ReadMe.txt" />
  </ItemGroup>
  <ItemGroup>
    <ClInclude Include="stdafx.h">
      <Filter>头文件</Filter>
    </ClInclude>
    <ClInclude Include="targetver.h">
      <Filter>头文件</Filter>
    </ClInclude>
    <ClInclude Include="2. Add Two Numbers.h">
      <Filter>Problem</Filter>
    </ClInclude>
    <ClInclude Include="1. Two Sum.h">
      <Filter>Problem</Filter>
    </ClInclude>
    <ClInclude Include="3. Longest Substring Without Repeating Characters.h">
      <Filter>Problem</Filter>
    </ClInclude>
    <ClInclude Include="4. Median of Two Sorted Arrays.h">
      <Filter>Problem</Filter>
    </ClInclude>
    <ClInclude Include="5. Longest Palindromic Substring.h">
      <Filter>Problem</Filter>
    </ClInclude>
    <ClInclude Include="6. ZigZag Conversion.h">
      <Filter>Problem</Filter>
    </ClInclude>
    <ClInclude Include="7. Reverse Integer.h">
      <Filter>Problem</Filter>
    </ClInclude>
    <ClInclude Include="8. String to Integer (atoi).h">
      <Filter>Problem</Filter>
    </ClInclude>
    <ClInclude Include="9. Palindrome Number.h">
      <Filter>Problem</Filter>
    </ClInclude>
    <ClInclude Include="Binary Tree.h">
      <Filter>Data Structures</Filter>
    </ClInclude>
    <ClInclude Include="ITree.h">
      <Filter>Data Structures</Filter>
    </ClInclude>
    <ClInclude Include="BlackRed Tree.h">
      <Filter>Data Structures</Filter>
    </ClInclude>
    <ClInclude Include="10. Regular Expression Matching.h">
      <Filter>Problem</Filter>
    </ClInclude>
    <ClInclude Include="11. Container With Most Water.h">
      <Filter>Problem</Filter>
    </ClInclude>
    <ClInclude Include="12. Integer to Roman.h">
      <Filter>Problem</Filter>
    </ClInclude>
    <ClInclude Include="13. Roman to Integer.h">
      <Filter>Problem</Filter>
    </ClInclude>
    <ClInclude Include="14. Longest Common Prefix.h">
      <Filter>Problem</Filter>
    </ClInclude>
    <ClInclude Include="15. 3Sum.h">
      <Filter>Problem</Filter>
    </ClInclude>
    <ClInclude Include="luoxuan.h">
      <Filter>Data Structures</Filter>
    </ClInclude>
    <ClInclude Include="16. 3Sum Closest.h">
      <Filter>Problem</Filter>
    </ClInclude>
    <ClInclude Include="17. Letter Combinations of a Phone Number.h">
      <Filter>Problem</Filter>
    </ClInclude>
    <ClInclude Include="18. 4Sum.h">
      <Filter>Problem</Filter>
    </ClInclude>
    <ClInclude Include="19. Remove Nth Node From End of List.h">
      <Filter>Problem</Filter>
    </ClInclude>
    <ClInclude Include="20. Valid Parentheses.h">
      <Filter>Problem</Filter>
    </ClInclude>
    <ClInclude Include="21. Merge Two Sorted Lists.h">
      <Filter>Problem</Filter>
    </ClInclude>
    <ClInclude Include="22. Generate Parentheses.h">
      <Filter>Problem</Filter>
    </ClInclude>
    <ClInclude Include="23. Merge k Sorted Lists.h">
      <Filter>Problem</Filter>
    </ClInclude>
    <ClInclude Include="24. Swap Nodes in Pairs.h">
      <Filter>Problem</Filter>
    </ClInclude>
    <ClInclude Include="25. Reverse Nodes in k-Group.h">
      <Filter>Problem</Filter>
    </ClInclude>
    <ClInclude Include="26. Remove Duplicates from Sorted Array.h">
      <Filter>Problem</Filter>
    </ClInclude>
    <ClInclude Include="27. Remove Element.h">
      <Filter>Problem</Filter>
    </ClInclude>
  </ItemGroup>
  <ItemGroup>
    <ClCompile Include="stdafx.cpp">
      <Filter>源文件</Filter>
    </ClCompile>
    <ClCompile Include="LeetCode.cpp">
      <Filter>源文件</Filter>
    </ClCompile>
    <ClCompile Include="ITree.cpp">
      <Filter>Data Structures</Filter>
    </ClCompile>
  </ItemGroup>
</Project>